
Microsoft Visual Studio Solution File, Format Version 12.00
# Visual Studio Version 17
VisualStudioVersion = 17.3.32929.385
MinimumVisualStudioVersion = 10.0.40219.1
Project("{9A19103F-16F7-4668-BE54-9A1E7A4F7556}") = "EntityFrameworkRuler", "EntityFrameworkRuler\EntityFrameworkRuler.csproj", "{6CBE2220-E5D7-45C8-AD88-12E19E86DA23}"
EndProject
Project("{2150E333-8FDC-42A3-9474-1A3956D46DE8}") = "SolutionItems", "SolutionItems", "{7606EBB2-02F1-44C7-97EE-C80BFE02957D}"
	ProjectSection(SolutionItems) = preProject
		.editorconfig = .editorconfig
		..\.gitignore = ..\.gitignore
		Directory.Build.props = Directory.Build.props
		..\.github\workflows\dotnet.yml = ..\.github\workflows\dotnet.yml
		..\README.md = ..\README.md
	EndProjectSection
EndProject
Project("{2150E333-8FDC-42A3-9474-1A3956D46DE8}") = "Test", "Test", "{6ECD160C-8259-42EB-9A24-CA07AA56CB25}"
EndProject
Project("{9A19103F-16F7-4668-BE54-9A1E7A4F7556}") = "EntityFrameworkRuler.Tests", "Tests\EntityFrameworkRuler.Tests\EntityFrameworkRuler.Tests.csproj", "{BD7CCF04-B1A6-4498-AB94-4F7D38B632A0}"
EndProject
Project("{9A19103F-16F7-4668-BE54-9A1E7A4F7556}") = "NorthwindTestRoslyn", "Tests\NorthwindTestRoslyn\NorthwindTestRoslyn.csproj", "{C3BC8E21-B026-41B9-B0EC-DCD7FCEA5B71}"
EndProject
Project("{9A19103F-16F7-4668-BE54-9A1E7A4F7556}") = "EntityFrameworkRuler.Design", "EntityFrameworkRuler.Design\EntityFrameworkRuler.Design.csproj", "{513C1B89-ADDA-4829-AFAF-1E9C3AD8833F}"
EndProject
Project("{9A19103F-16F7-4668-BE54-9A1E7A4F7556}") = "EntityFrameworkRuler.Design.Tests", "Tests\EntityFrameworkRuler.Design.Tests\EntityFrameworkRuler.Design.Tests.csproj", "{EA2CB34B-80D9-4038-8904-4D65F7F56936}"
EndProject
Project("{FAE04EC0-301F-11D3-BF4B-00C04F79EFBC}") = "NorthwindTestEdmx", "Tests\NorthwindTestEdmx\NorthwindTestEdmx.csproj", "{DD988CF1-D41C-4A9B-9224-8F3CB087CC1F}"
EndProject
Project("{9A19103F-16F7-4668-BE54-9A1E7A4F7556}") = "EntityFrameworkRuler.Common", "EntityFrameworkRuler.Common\EntityFrameworkRuler.Common.csproj", "{A4BA3A4A-AB05-4E92-9B40-E7BD5B7247E0}"
EndProject
Project("{9A19103F-16F7-4668-BE54-9A1E7A4F7556}") = "EntityFrameworkRuler.Editor", "EntityFrameworkRuler.Editor\EntityFrameworkRuler.Editor.csproj", "{D79D6EF9-E5A2-4B00-B7B0-DA3049C6AA56}"
EndProject
Project("{FAE04EC0-301F-11D3-BF4B-00C04F79EFBC}") = "EntityFrameworkRuler.Vsix", "EntityFrameworkRuler.Vsix\EntityFrameworkRuler.Vsix.csproj", "{3E4ACF52-C319-4367-9A65-AFCC2C88D9F9}"
EndProject
Project("{FAE04EC0-301F-11D3-BF4B-00C04F79EFBC}") = "NorthwindTestDesign", "Tests\NorthwindTestDesign\NorthwindTestDesign.csproj", "{07097483-166E-4126-9EB9-FE22B695F3E7}"
EndProject
Global
	GlobalSection(SolutionConfigurationPlatforms) = preSolution
		Debug|Any CPU = Debug|Any CPU
		Debug|arm64 = Debug|arm64
		Debug|x86 = Debug|x86
		DebugVsix|Any CPU = DebugVsix|Any CPU
		DebugVsix|arm64 = DebugVsix|arm64
		DebugVsix|x86 = DebugVsix|x86
		Release|Any CPU = Release|Any CPU
		Release|arm64 = Release|arm64
		Release|x86 = Release|x86
		ReleaseVsix|Any CPU = ReleaseVsix|Any CPU
		ReleaseVsix|arm64 = ReleaseVsix|arm64
		ReleaseVsix|x86 = ReleaseVsix|x86
	EndGlobalSection
	GlobalSection(ProjectConfigurationPlatforms) = postSolution
		{6CBE2220-E5D7-45C8-AD88-12E19E86DA23}.Debug|Any CPU.ActiveCfg = Debug|Any CPU
		{6CBE2220-E5D7-45C8-AD88-12E19E86DA23}.Debug|Any CPU.Build.0 = Debug|Any CPU
		{6CBE2220-E5D7-45C8-AD88-12E19E86DA23}.Debug|arm64.ActiveCfg = Debug|Any CPU
		{6CBE2220-E5D7-45C8-AD88-12E19E86DA23}.Debug|arm64.Build.0 = Debug|Any CPU
		{6CBE2220-E5D7-45C8-AD88-12E19E86DA23}.Debug|x86.ActiveCfg = Debug|Any CPU
		{6CBE2220-E5D7-45C8-AD88-12E19E86DA23}.Debug|x86.Build.0 = Debug|Any CPU
		{6CBE2220-E5D7-45C8-AD88-12E19E86DA23}.DebugVsix|Any CPU.ActiveCfg = Debug|Any CPU
		{6CBE2220-E5D7-45C8-AD88-12E19E86DA23}.DebugVsix|Any CPU.Build.0 = Debug|Any CPU
		{6CBE2220-E5D7-45C8-AD88-12E19E86DA23}.DebugVsix|arm64.ActiveCfg = Debug|Any CPU
		{6CBE2220-E5D7-45C8-AD88-12E19E86DA23}.DebugVsix|arm64.Build.0 = Debug|Any CPU
		{6CBE2220-E5D7-45C8-AD88-12E19E86DA23}.DebugVsix|x86.ActiveCfg = Debug|Any CPU
		{6CBE2220-E5D7-45C8-AD88-12E19E86DA23}.DebugVsix|x86.Build.0 = Debug|Any CPU
		{6CBE2220-E5D7-45C8-AD88-12E19E86DA23}.Release|Any CPU.ActiveCfg = Release|Any CPU
		{6CBE2220-E5D7-45C8-AD88-12E19E86DA23}.Release|Any CPU.Build.0 = Release|Any CPU
		{6CBE2220-E5D7-45C8-AD88-12E19E86DA23}.Release|arm64.ActiveCfg = Release|Any CPU
		{6CBE2220-E5D7-45C8-AD88-12E19E86DA23}.Release|arm64.Build.0 = Release|Any CPU
		{6CBE2220-E5D7-45C8-AD88-12E19E86DA23}.Release|x86.ActiveCfg = Release|Any CPU
		{6CBE2220-E5D7-45C8-AD88-12E19E86DA23}.Release|x86.Build.0 = Release|Any CPU
		{6CBE2220-E5D7-45C8-AD88-12E19E86DA23}.ReleaseVsix|Any CPU.ActiveCfg = Release|Any CPU
		{6CBE2220-E5D7-45C8-AD88-12E19E86DA23}.ReleaseVsix|Any CPU.Build.0 = Release|Any CPU
		{6CBE2220-E5D7-45C8-AD88-12E19E86DA23}.ReleaseVsix|arm64.ActiveCfg = Release|Any CPU
		{6CBE2220-E5D7-45C8-AD88-12E19E86DA23}.ReleaseVsix|arm64.Build.0 = Release|Any CPU
		{6CBE2220-E5D7-45C8-AD88-12E19E86DA23}.ReleaseVsix|x86.ActiveCfg = Release|Any CPU
		{6CBE2220-E5D7-45C8-AD88-12E19E86DA23}.ReleaseVsix|x86.Build.0 = Release|Any CPU
		{BD7CCF04-B1A6-4498-AB94-4F7D38B632A0}.Debug|Any CPU.ActiveCfg = Debug|Any CPU
		{BD7CCF04-B1A6-4498-AB94-4F7D38B632A0}.Debug|Any CPU.Build.0 = Debug|Any CPU
		{BD7CCF04-B1A6-4498-AB94-4F7D38B632A0}.Debug|arm64.ActiveCfg = Debug|Any CPU
		{BD7CCF04-B1A6-4498-AB94-4F7D38B632A0}.Debug|arm64.Build.0 = Debug|Any CPU
		{BD7CCF04-B1A6-4498-AB94-4F7D38B632A0}.Debug|x86.ActiveCfg = Debug|Any CPU
		{BD7CCF04-B1A6-4498-AB94-4F7D38B632A0}.Debug|x86.Build.0 = Debug|Any CPU
		{BD7CCF04-B1A6-4498-AB94-4F7D38B632A0}.DebugVsix|Any CPU.ActiveCfg = Debug|Any CPU
		{BD7CCF04-B1A6-4498-AB94-4F7D38B632A0}.DebugVsix|Any CPU.Build.0 = Debug|Any CPU
		{BD7CCF04-B1A6-4498-AB94-4F7D38B632A0}.DebugVsix|arm64.ActiveCfg = Debug|Any CPU
		{BD7CCF04-B1A6-4498-AB94-4F7D38B632A0}.DebugVsix|arm64.Build.0 = Debug|Any CPU
		{BD7CCF04-B1A6-4498-AB94-4F7D38B632A0}.DebugVsix|x86.ActiveCfg = Debug|Any CPU
		{BD7CCF04-B1A6-4498-AB94-4F7D38B632A0}.DebugVsix|x86.Build.0 = Debug|Any CPU
		{BD7CCF04-B1A6-4498-AB94-4F7D38B632A0}.Release|Any CPU.ActiveCfg = Release|Any CPU
		{BD7CCF04-B1A6-4498-AB94-4F7D38B632A0}.Release|arm64.ActiveCfg = Release|Any CPU
		{BD7CCF04-B1A6-4498-AB94-4F7D38B632A0}.Release|x86.ActiveCfg = Release|Any CPU
		{BD7CCF04-B1A6-4498-AB94-4F7D38B632A0}.ReleaseVsix|Any CPU.ActiveCfg = Release|Any CPU
		{BD7CCF04-B1A6-4498-AB94-4F7D38B632A0}.ReleaseVsix|arm64.ActiveCfg = Release|Any CPU
		{BD7CCF04-B1A6-4498-AB94-4F7D38B632A0}.ReleaseVsix|arm64.Build.0 = Release|Any CPU
		{BD7CCF04-B1A6-4498-AB94-4F7D38B632A0}.ReleaseVsix|x86.ActiveCfg = Release|Any CPU
		{BD7CCF04-B1A6-4498-AB94-4F7D38B632A0}.ReleaseVsix|x86.Build.0 = Release|Any CPU
		{C3BC8E21-B026-41B9-B0EC-DCD7FCEA5B71}.Debug|Any CPU.ActiveCfg = Debug|Any CPU
		{C3BC8E21-B026-41B9-B0EC-DCD7FCEA5B71}.Debug|Any CPU.Build.0 = Debug|Any CPU
		{C3BC8E21-B026-41B9-B0EC-DCD7FCEA5B71}.Debug|arm64.ActiveCfg = Debug|Any CPU
		{C3BC8E21-B026-41B9-B0EC-DCD7FCEA5B71}.Debug|arm64.Build.0 = Debug|Any CPU
		{C3BC8E21-B026-41B9-B0EC-DCD7FCEA5B71}.Debug|x86.ActiveCfg = Debug|Any CPU
		{C3BC8E21-B026-41B9-B0EC-DCD7FCEA5B71}.Debug|x86.Build.0 = Debug|Any CPU
		{C3BC8E21-B026-41B9-B0EC-DCD7FCEA5B71}.DebugVsix|Any CPU.ActiveCfg = Debug|Any CPU
		{C3BC8E21-B026-41B9-B0EC-DCD7FCEA5B71}.DebugVsix|Any CPU.Build.0 = Debug|Any CPU
		{C3BC8E21-B026-41B9-B0EC-DCD7FCEA5B71}.DebugVsix|arm64.ActiveCfg = Debug|Any CPU
		{C3BC8E21-B026-41B9-B0EC-DCD7FCEA5B71}.DebugVsix|arm64.Build.0 = Debug|Any CPU
		{C3BC8E21-B026-41B9-B0EC-DCD7FCEA5B71}.DebugVsix|x86.ActiveCfg = Debug|Any CPU
		{C3BC8E21-B026-41B9-B0EC-DCD7FCEA5B71}.DebugVsix|x86.Build.0 = Debug|Any CPU
		{C3BC8E21-B026-41B9-B0EC-DCD7FCEA5B71}.Release|Any CPU.ActiveCfg = Release|Any CPU
		{C3BC8E21-B026-41B9-B0EC-DCD7FCEA5B71}.Release|Any CPU.Build.0 = Release|Any CPU
		{C3BC8E21-B026-41B9-B0EC-DCD7FCEA5B71}.Release|arm64.ActiveCfg = Release|Any CPU
		{C3BC8E21-B026-41B9-B0EC-DCD7FCEA5B71}.Release|arm64.Build.0 = Release|Any CPU
		{C3BC8E21-B026-41B9-B0EC-DCD7FCEA5B71}.Release|x86.ActiveCfg = Release|Any CPU
		{C3BC8E21-B026-41B9-B0EC-DCD7FCEA5B71}.Release|x86.Build.0 = Release|Any CPU
		{C3BC8E21-B026-41B9-B0EC-DCD7FCEA5B71}.ReleaseVsix|Any CPU.ActiveCfg = Release|Any CPU
		{C3BC8E21-B026-41B9-B0EC-DCD7FCEA5B71}.ReleaseVsix|Any CPU.Build.0 = Release|Any CPU
		{C3BC8E21-B026-41B9-B0EC-DCD7FCEA5B71}.ReleaseVsix|arm64.ActiveCfg = Release|Any CPU
		{C3BC8E21-B026-41B9-B0EC-DCD7FCEA5B71}.ReleaseVsix|arm64.Build.0 = Release|Any CPU
		{C3BC8E21-B026-41B9-B0EC-DCD7FCEA5B71}.ReleaseVsix|x86.ActiveCfg = Release|Any CPU
		{C3BC8E21-B026-41B9-B0EC-DCD7FCEA5B71}.ReleaseVsix|x86.Build.0 = Release|Any CPU
		{513C1B89-ADDA-4829-AFAF-1E9C3AD8833F}.Debug|Any CPU.ActiveCfg = Debug|Any CPU
		{513C1B89-ADDA-4829-AFAF-1E9C3AD8833F}.Debug|Any CPU.Build.0 = Debug|Any CPU
		{513C1B89-ADDA-4829-AFAF-1E9C3AD8833F}.Debug|arm64.ActiveCfg = Debug|Any CPU
		{513C1B89-ADDA-4829-AFAF-1E9C3AD8833F}.Debug|arm64.Build.0 = Debug|Any CPU
		{513C1B89-ADDA-4829-AFAF-1E9C3AD8833F}.Debug|x86.ActiveCfg = Debug|Any CPU
		{513C1B89-ADDA-4829-AFAF-1E9C3AD8833F}.Debug|x86.Build.0 = Debug|Any CPU
		{513C1B89-ADDA-4829-AFAF-1E9C3AD8833F}.DebugVsix|Any CPU.ActiveCfg = Debug|Any CPU
		{513C1B89-ADDA-4829-AFAF-1E9C3AD8833F}.DebugVsix|Any CPU.Build.0 = Debug|Any CPU
		{513C1B89-ADDA-4829-AFAF-1E9C3AD8833F}.DebugVsix|arm64.ActiveCfg = Debug|Any CPU
		{513C1B89-ADDA-4829-AFAF-1E9C3AD8833F}.DebugVsix|arm64.Build.0 = Debug|Any CPU
		{513C1B89-ADDA-4829-AFAF-1E9C3AD8833F}.DebugVsix|x86.ActiveCfg = Debug|Any CPU
		{513C1B89-ADDA-4829-AFAF-1E9C3AD8833F}.DebugVsix|x86.Build.0 = Debug|Any CPU
		{513C1B89-ADDA-4829-AFAF-1E9C3AD8833F}.Release|Any CPU.ActiveCfg = Release|Any CPU
		{513C1B89-ADDA-4829-AFAF-1E9C3AD8833F}.Release|Any CPU.Build.0 = Release|Any CPU
		{513C1B89-ADDA-4829-AFAF-1E9C3AD8833F}.Release|arm64.ActiveCfg = Release|Any CPU
		{513C1B89-ADDA-4829-AFAF-1E9C3AD8833F}.Release|arm64.Build.0 = Release|Any CPU
		{513C1B89-ADDA-4829-AFAF-1E9C3AD8833F}.Release|x86.ActiveCfg = Release|Any CPU
		{513C1B89-ADDA-4829-AFAF-1E9C3AD8833F}.Release|x86.Build.0 = Release|Any CPU
		{513C1B89-ADDA-4829-AFAF-1E9C3AD8833F}.ReleaseVsix|Any CPU.ActiveCfg = Release|Any CPU
		{513C1B89-ADDA-4829-AFAF-1E9C3AD8833F}.ReleaseVsix|arm64.ActiveCfg = Release|Any CPU
		{513C1B89-ADDA-4829-AFAF-1E9C3AD8833F}.ReleaseVsix|arm64.Build.0 = Release|Any CPU
		{513C1B89-ADDA-4829-AFAF-1E9C3AD8833F}.ReleaseVsix|x86.ActiveCfg = Release|Any CPU
		{513C1B89-ADDA-4829-AFAF-1E9C3AD8833F}.ReleaseVsix|x86.Build.0 = Release|Any CPU
		{EA2CB34B-80D9-4038-8904-4D65F7F56936}.Debug|Any CPU.ActiveCfg = Debug|Any CPU
		{EA2CB34B-80D9-4038-8904-4D65F7F56936}.Debug|Any CPU.Build.0 = Debug|Any CPU
		{EA2CB34B-80D9-4038-8904-4D65F7F56936}.Debug|arm64.ActiveCfg = Debug|Any CPU
		{EA2CB34B-80D9-4038-8904-4D65F7F56936}.Debug|arm64.Build.0 = Debug|Any CPU
		{EA2CB34B-80D9-4038-8904-4D65F7F56936}.Debug|x86.ActiveCfg = Debug|Any CPU
		{EA2CB34B-80D9-4038-8904-4D65F7F56936}.Debug|x86.Build.0 = Debug|Any CPU
		{EA2CB34B-80D9-4038-8904-4D65F7F56936}.DebugVsix|Any CPU.ActiveCfg = Debug|Any CPU
		{EA2CB34B-80D9-4038-8904-4D65F7F56936}.DebugVsix|Any CPU.Build.0 = Debug|Any CPU
		{EA2CB34B-80D9-4038-8904-4D65F7F56936}.DebugVsix|arm64.ActiveCfg = Debug|Any CPU
		{EA2CB34B-80D9-4038-8904-4D65F7F56936}.DebugVsix|arm64.Build.0 = Debug|Any CPU
		{EA2CB34B-80D9-4038-8904-4D65F7F56936}.DebugVsix|x86.ActiveCfg = Debug|Any CPU
		{EA2CB34B-80D9-4038-8904-4D65F7F56936}.DebugVsix|x86.Build.0 = Debug|Any CPU
		{EA2CB34B-80D9-4038-8904-4D65F7F56936}.Release|Any CPU.ActiveCfg = Release|Any CPU
		{EA2CB34B-80D9-4038-8904-4D65F7F56936}.Release|arm64.ActiveCfg = Release|Any CPU
		{EA2CB34B-80D9-4038-8904-4D65F7F56936}.Release|x86.ActiveCfg = Release|Any CPU
		{EA2CB34B-80D9-4038-8904-4D65F7F56936}.ReleaseVsix|Any CPU.ActiveCfg = Release|Any CPU
		{EA2CB34B-80D9-4038-8904-4D65F7F56936}.ReleaseVsix|arm64.ActiveCfg = Release|Any CPU
		{EA2CB34B-80D9-4038-8904-4D65F7F56936}.ReleaseVsix|arm64.Build.0 = Release|Any CPU
		{EA2CB34B-80D9-4038-8904-4D65F7F56936}.ReleaseVsix|x86.ActiveCfg = Release|Any CPU
		{EA2CB34B-80D9-4038-8904-4D65F7F56936}.ReleaseVsix|x86.Build.0 = Release|Any CPU
		{DD988CF1-D41C-4A9B-9224-8F3CB087CC1F}.Debug|Any CPU.ActiveCfg = Debug|Any CPU
		{DD988CF1-D41C-4A9B-9224-8F3CB087CC1F}.Debug|arm64.ActiveCfg = Debug|Any CPU
		{DD988CF1-D41C-4A9B-9224-8F3CB087CC1F}.Debug|x86.ActiveCfg = Debug|Any CPU
		{DD988CF1-D41C-4A9B-9224-8F3CB087CC1F}.DebugVsix|Any CPU.ActiveCfg = Debug|Any CPU
		{DD988CF1-D41C-4A9B-9224-8F3CB087CC1F}.DebugVsix|arm64.ActiveCfg = Debug|Any CPU
		{DD988CF1-D41C-4A9B-9224-8F3CB087CC1F}.DebugVsix|x86.ActiveCfg = Debug|Any CPU
		{DD988CF1-D41C-4A9B-9224-8F3CB087CC1F}.Release|Any CPU.ActiveCfg = Release|Any CPU
		{DD988CF1-D41C-4A9B-9224-8F3CB087CC1F}.Release|arm64.ActiveCfg = Release|Any CPU
		{DD988CF1-D41C-4A9B-9224-8F3CB087CC1F}.Release|x86.ActiveCfg = Release|Any CPU
		{DD988CF1-D41C-4A9B-9224-8F3CB087CC1F}.ReleaseVsix|Any CPU.ActiveCfg = Release|Any CPU
		{DD988CF1-D41C-4A9B-9224-8F3CB087CC1F}.ReleaseVsix|arm64.ActiveCfg = ReleaseVsix|Any CPU
		{DD988CF1-D41C-4A9B-9224-8F3CB087CC1F}.ReleaseVsix|arm64.Build.0 = ReleaseVsix|Any CPU
		{DD988CF1-D41C-4A9B-9224-8F3CB087CC1F}.ReleaseVsix|x86.ActiveCfg = ReleaseVsix|Any CPU
		{DD988CF1-D41C-4A9B-9224-8F3CB087CC1F}.ReleaseVsix|x86.Build.0 = ReleaseVsix|Any CPU
		{A4BA3A4A-AB05-4E92-9B40-E7BD5B7247E0}.Debug|Any CPU.ActiveCfg = Debug|Any CPU
		{A4BA3A4A-AB05-4E92-9B40-E7BD5B7247E0}.Debug|Any CPU.Build.0 = Debug|Any CPU
		{A4BA3A4A-AB05-4E92-9B40-E7BD5B7247E0}.Debug|arm64.ActiveCfg = Debug|Any CPU
		{A4BA3A4A-AB05-4E92-9B40-E7BD5B7247E0}.Debug|arm64.Build.0 = Debug|Any CPU
		{A4BA3A4A-AB05-4E92-9B40-E7BD5B7247E0}.Debug|x86.ActiveCfg = Debug|Any CPU
		{A4BA3A4A-AB05-4E92-9B40-E7BD5B7247E0}.Debug|x86.Build.0 = Debug|Any CPU
		{A4BA3A4A-AB05-4E92-9B40-E7BD5B7247E0}.DebugVsix|Any CPU.ActiveCfg = Debug|Any CPU
		{A4BA3A4A-AB05-4E92-9B40-E7BD5B7247E0}.DebugVsix|Any CPU.Build.0 = Debug|Any CPU
		{A4BA3A4A-AB05-4E92-9B40-E7BD5B7247E0}.DebugVsix|arm64.ActiveCfg = Debug|Any CPU
		{A4BA3A4A-AB05-4E92-9B40-E7BD5B7247E0}.DebugVsix|arm64.Build.0 = Debug|Any CPU
		{A4BA3A4A-AB05-4E92-9B40-E7BD5B7247E0}.DebugVsix|x86.ActiveCfg = Debug|Any CPU
		{A4BA3A4A-AB05-4E92-9B40-E7BD5B7247E0}.DebugVsix|x86.Build.0 = Debug|Any CPU
		{A4BA3A4A-AB05-4E92-9B40-E7BD5B7247E0}.Release|Any CPU.ActiveCfg = Release|Any CPU
		{A4BA3A4A-AB05-4E92-9B40-E7BD5B7247E0}.Release|Any CPU.Build.0 = Release|Any CPU
		{A4BA3A4A-AB05-4E92-9B40-E7BD5B7247E0}.Release|arm64.ActiveCfg = Release|Any CPU
		{A4BA3A4A-AB05-4E92-9B40-E7BD5B7247E0}.Release|arm64.Build.0 = Release|Any CPU
		{A4BA3A4A-AB05-4E92-9B40-E7BD5B7247E0}.Release|x86.ActiveCfg = Release|Any CPU
		{A4BA3A4A-AB05-4E92-9B40-E7BD5B7247E0}.Release|x86.Build.0 = Release|Any CPU
		{A4BA3A4A-AB05-4E92-9B40-E7BD5B7247E0}.ReleaseVsix|Any CPU.ActiveCfg = Release|Any CPU
		{A4BA3A4A-AB05-4E92-9B40-E7BD5B7247E0}.ReleaseVsix|Any CPU.Build.0 = Release|Any CPU
		{A4BA3A4A-AB05-4E92-9B40-E7BD5B7247E0}.ReleaseVsix|arm64.ActiveCfg = Release|Any CPU
		{A4BA3A4A-AB05-4E92-9B40-E7BD5B7247E0}.ReleaseVsix|arm64.Build.0 = Release|Any CPU
		{A4BA3A4A-AB05-4E92-9B40-E7BD5B7247E0}.ReleaseVsix|x86.ActiveCfg = Release|Any CPU
		{A4BA3A4A-AB05-4E92-9B40-E7BD5B7247E0}.ReleaseVsix|x86.Build.0 = Release|Any CPU
		{D79D6EF9-E5A2-4B00-B7B0-DA3049C6AA56}.Debug|Any CPU.ActiveCfg = Debug|Any CPU
		{D79D6EF9-E5A2-4B00-B7B0-DA3049C6AA56}.Debug|Any CPU.Build.0 = Debug|Any CPU
		{D79D6EF9-E5A2-4B00-B7B0-DA3049C6AA56}.Debug|arm64.ActiveCfg = Debug|Any CPU
		{D79D6EF9-E5A2-4B00-B7B0-DA3049C6AA56}.Debug|arm64.Build.0 = Debug|Any CPU
		{D79D6EF9-E5A2-4B00-B7B0-DA3049C6AA56}.Debug|x86.ActiveCfg = Debug|Any CPU
		{D79D6EF9-E5A2-4B00-B7B0-DA3049C6AA56}.Debug|x86.Build.0 = Debug|Any CPU
		{D79D6EF9-E5A2-4B00-B7B0-DA3049C6AA56}.DebugVsix|Any CPU.ActiveCfg = Debug|Any CPU
		{D79D6EF9-E5A2-4B00-B7B0-DA3049C6AA56}.DebugVsix|Any CPU.Build.0 = Debug|Any CPU
		{D79D6EF9-E5A2-4B00-B7B0-DA3049C6AA56}.DebugVsix|arm64.ActiveCfg = Debug|Any CPU
		{D79D6EF9-E5A2-4B00-B7B0-DA3049C6AA56}.DebugVsix|arm64.Build.0 = Debug|Any CPU
		{D79D6EF9-E5A2-4B00-B7B0-DA3049C6AA56}.DebugVsix|x86.ActiveCfg = Debug|Any CPU
		{D79D6EF9-E5A2-4B00-B7B0-DA3049C6AA56}.DebugVsix|x86.Build.0 = Debug|Any CPU
		{D79D6EF9-E5A2-4B00-B7B0-DA3049C6AA56}.Release|Any CPU.ActiveCfg = Release|Any CPU
		{D79D6EF9-E5A2-4B00-B7B0-DA3049C6AA56}.Release|Any CPU.Build.0 = Release|Any CPU
		{D79D6EF9-E5A2-4B00-B7B0-DA3049C6AA56}.Release|arm64.ActiveCfg = Release|Any CPU
		{D79D6EF9-E5A2-4B00-B7B0-DA3049C6AA56}.Release|arm64.Build.0 = Release|Any CPU
		{D79D6EF9-E5A2-4B00-B7B0-DA3049C6AA56}.Release|x86.ActiveCfg = Release|Any CPU
		{D79D6EF9-E5A2-4B00-B7B0-DA3049C6AA56}.Release|x86.Build.0 = Release|Any CPU
		{D79D6EF9-E5A2-4B00-B7B0-DA3049C6AA56}.ReleaseVsix|Any CPU.ActiveCfg = Release|Any CPU
		{D79D6EF9-E5A2-4B00-B7B0-DA3049C6AA56}.ReleaseVsix|Any CPU.Build.0 = Release|Any CPU
		{D79D6EF9-E5A2-4B00-B7B0-DA3049C6AA56}.ReleaseVsix|arm64.ActiveCfg = Release|Any CPU
		{D79D6EF9-E5A2-4B00-B7B0-DA3049C6AA56}.ReleaseVsix|arm64.Build.0 = Release|Any CPU
		{D79D6EF9-E5A2-4B00-B7B0-DA3049C6AA56}.ReleaseVsix|x86.ActiveCfg = Release|Any CPU
		{D79D6EF9-E5A2-4B00-B7B0-DA3049C6AA56}.ReleaseVsix|x86.Build.0 = Release|Any CPU
		{3E4ACF52-C319-4367-9A65-AFCC2C88D9F9}.Debug|Any CPU.ActiveCfg = Debug|Any CPU
		{3E4ACF52-C319-4367-9A65-AFCC2C88D9F9}.Debug|arm64.ActiveCfg = Debug|arm64
		{3E4ACF52-C319-4367-9A65-AFCC2C88D9F9}.Debug|arm64.Build.0 = Debug|arm64
		{3E4ACF52-C319-4367-9A65-AFCC2C88D9F9}.Debug|x86.ActiveCfg = Debug|x86
		{3E4ACF52-C319-4367-9A65-AFCC2C88D9F9}.Debug|x86.Build.0 = Debug|x86
		{3E4ACF52-C319-4367-9A65-AFCC2C88D9F9}.DebugVsix|Any CPU.ActiveCfg = Debug|Any CPU
		{3E4ACF52-C319-4367-9A65-AFCC2C88D9F9}.DebugVsix|Any CPU.Build.0 = Debug|Any CPU
		{3E4ACF52-C319-4367-9A65-AFCC2C88D9F9}.DebugVsix|arm64.ActiveCfg = Debug|Any CPU
		{3E4ACF52-C319-4367-9A65-AFCC2C88D9F9}.DebugVsix|arm64.Build.0 = Debug|Any CPU
		{3E4ACF52-C319-4367-9A65-AFCC2C88D9F9}.DebugVsix|x86.ActiveCfg = Debug|Any CPU
		{3E4ACF52-C319-4367-9A65-AFCC2C88D9F9}.DebugVsix|x86.Build.0 = Debug|Any CPU
		{3E4ACF52-C319-4367-9A65-AFCC2C88D9F9}.Release|Any CPU.ActiveCfg = Release|Any CPU
		{3E4ACF52-C319-4367-9A65-AFCC2C88D9F9}.Release|arm64.ActiveCfg = Release|arm64
		{3E4ACF52-C319-4367-9A65-AFCC2C88D9F9}.Release|arm64.Build.0 = Release|arm64
		{3E4ACF52-C319-4367-9A65-AFCC2C88D9F9}.Release|x86.ActiveCfg = Release|x86
		{3E4ACF52-C319-4367-9A65-AFCC2C88D9F9}.Release|x86.Build.0 = Release|x86
		{3E4ACF52-C319-4367-9A65-AFCC2C88D9F9}.ReleaseVsix|Any CPU.ActiveCfg = Release|Any CPU
		{3E4ACF52-C319-4367-9A65-AFCC2C88D9F9}.ReleaseVsix|Any CPU.Build.0 = Release|Any CPU
		{3E4ACF52-C319-4367-9A65-AFCC2C88D9F9}.ReleaseVsix|arm64.ActiveCfg = Release|Any CPU
		{3E4ACF52-C319-4367-9A65-AFCC2C88D9F9}.ReleaseVsix|arm64.Build.0 = Release|Any CPU
		{3E4ACF52-C319-4367-9A65-AFCC2C88D9F9}.ReleaseVsix|x86.ActiveCfg = Release|Any CPU
		{3E4ACF52-C319-4367-9A65-AFCC2C88D9F9}.ReleaseVsix|x86.Build.0 = Release|Any CPU
		{07097483-166E-4126-9EB9-FE22B695F3E7}.Debug|Any CPU.ActiveCfg = Debug|Any CPU
		{07097483-166E-4126-9EB9-FE22B695F3E7}.Debug|Any CPU.Build.0 = Debug|Any CPU
		{07097483-166E-4126-9EB9-FE22B695F3E7}.Debug|arm64.ActiveCfg = Debug|Any CPU
		{07097483-166E-4126-9EB9-FE22B695F3E7}.Debug|arm64.Build.0 = Debug|Any CPU
		{07097483-166E-4126-9EB9-FE22B695F3E7}.Debug|x86.ActiveCfg = Debug|Any CPU
		{07097483-166E-4126-9EB9-FE22B695F3E7}.Debug|x86.Build.0 = Debug|Any CPU
		{07097483-166E-4126-9EB9-FE22B695F3E7}.DebugVsix|Any CPU.ActiveCfg = Debug|Any CPU
		{07097483-166E-4126-9EB9-FE22B695F3E7}.DebugVsix|Any CPU.Build.0 = Debug|Any CPU
		{07097483-166E-4126-9EB9-FE22B695F3E7}.DebugVsix|arm64.ActiveCfg = Debug|Any CPU
		{07097483-166E-4126-9EB9-FE22B695F3E7}.DebugVsix|arm64.Build.0 = Debug|Any CPU
		{07097483-166E-4126-9EB9-FE22B695F3E7}.DebugVsix|x86.ActiveCfg = Debug|Any CPU
		{07097483-166E-4126-9EB9-FE22B695F3E7}.DebugVsix|x86.Build.0 = Debug|Any CPU
		{07097483-166E-4126-9EB9-FE22B695F3E7}.Release|Any CPU.ActiveCfg = Release|Any CPU
		{07097483-166E-4126-9EB9-FE22B695F3E7}.Release|Any CPU.Build.0 = Release|Any CPU
		{07097483-166E-4126-9EB9-FE22B695F3E7}.Release|arm64.ActiveCfg = Release|Any CPU
		{07097483-166E-4126-9EB9-FE22B695F3E7}.Release|arm64.Build.0 = Release|Any CPU
		{07097483-166E-4126-9EB9-FE22B695F3E7}.Release|x86.ActiveCfg = Release|Any CPU
		{07097483-166E-4126-9EB9-FE22B695F3E7}.Release|x86.Build.0 = Release|Any CPU
		{07097483-166E-4126-9EB9-FE22B695F3E7}.ReleaseVsix|Any CPU.ActiveCfg = Release|Any CPU
		{07097483-166E-4126-9EB9-FE22B695F3E7}.ReleaseVsix|Any CPU.Build.0 = Release|Any CPU
		{07097483-166E-4126-9EB9-FE22B695F3E7}.ReleaseVsix|arm64.ActiveCfg = Release|Any CPU
		{07097483-166E-4126-9EB9-FE22B695F3E7}.ReleaseVsix|arm64.Build.0 = Release|Any CPU
		{07097483-166E-4126-9EB9-FE22B695F3E7}.ReleaseVsix|x86.ActiveCfg = Release|Any CPU
		{07097483-166E-4126-9EB9-FE22B695F3E7}.ReleaseVsix|x86.Build.0 = Release|Any CPU
	EndGlobalSection
	GlobalSection(SolutionProperties) = preSolution
		HideSolutionNode = FALSE
	EndGlobalSection
	GlobalSection(NestedProjects) = preSolution
		{BD7CCF04-B1A6-4498-AB94-4F7D38B632A0} = {6ECD160C-8259-42EB-9A24-CA07AA56CB25}
		{C3BC8E21-B026-41B9-B0EC-DCD7FCEA5B71} = {6ECD160C-8259-42EB-9A24-CA07AA56CB25}
		{EA2CB34B-80D9-4038-8904-4D65F7F56936} = {6ECD160C-8259-42EB-9A24-CA07AA56CB25}
		{DD988CF1-D41C-4A9B-9224-8F3CB087CC1F} = {6ECD160C-8259-42EB-9A24-CA07AA56CB25}
		{07097483-166E-4126-9EB9-FE22B695F3E7} = {6ECD160C-8259-42EB-9A24-CA07AA56CB25}
	EndGlobalSection
	GlobalSection(ExtensibilityGlobals) = postSolution
		SolutionGuid = {BF67A700-F2D5-477C-8624-76B67F78896A}
	EndGlobalSection
EndGlobal
